
Microsoft Visual Studio Solution File, Format Version 12.00
# Visual Studio Version 17
VisualStudioVersion = 17.8.34511.84
MinimumVisualStudioVersion = 10.0.40219.1
Project("{FAE04EC0-301F-11D3-BF4B-00C04F79EFBC}") = "EjercicioProductos", "EjercicioProductos\EjercicioProductos.csproj", "{8512FF95-C602-480D-8075-734F65192CDA}"
EndProject
Global
	GlobalSection(SolutionConfigurationPlatforms) = preSolution
		Debug|Any CPU = Debug|Any CPU
		Release|Any CPU = Release|Any CPU
	EndGlobalSection
	GlobalSection(ProjectConfigurationPlatforms) = postSolution
		{8512FF95-C602-480D-8075-734F65192CDA}.Debug|Any CPU.ActiveCfg = Debug|Any CPU
		{8512FF95-C602-480D-8075-734F65192CDA}.Debug|Any CPU.Build.0 = Debug|Any CPU
		{8512FF95-C602-480D-8075-734F65192CDA}.Release|Any CPU.ActiveCfg = Release|Any CPU
		{8512FF95-C602-480D-8075-734F65192CDA}.Release|Any CPU.Build.0 = Release|Any CPU
	EndGlobalSection
	GlobalSection(SolutionProperties) = preSolution
		HideSolutionNode = FALSE
	EndGlobalSection
	GlobalSection(ExtensibilityGlobals) = postSolution
		SolutionGuid = {0B697052-09D1-43C7-BEB2-CF4B70FB192D}
	EndGlobalSection
EndGlobal
