
Microsoft Visual Studio Solution File, Format Version 12.00
# Visual Studio Version 17
VisualStudioVersion = 17.8.34511.84
MinimumVisualStudioVersion = 10.0.40219.1
Project("{FAE04EC0-301F-11D3-BF4B-00C04F79EFBC}") = "Ejercicio1Gmail", "Ejercicio1Gmail\Ejercicio1Gmail.csproj", "{9155996C-9B27-40F1-9BB8-C3AD3B6E9D7A}"
EndProject
Global
	GlobalSection(SolutionConfigurationPlatforms) = preSolution
		Debug|Any CPU = Debug|Any CPU
		Release|Any CPU = Release|Any CPU
	EndGlobalSection
	GlobalSection(ProjectConfigurationPlatforms) = postSolution
		{9155996C-9B27-40F1-9BB8-C3AD3B6E9D7A}.Debug|Any CPU.ActiveCfg = Debug|Any CPU
		{9155996C-9B27-40F1-9BB8-C3AD3B6E9D7A}.Debug|Any CPU.Build.0 = Debug|Any CPU
		{9155996C-9B27-40F1-9BB8-C3AD3B6E9D7A}.Release|Any CPU.ActiveCfg = Release|Any CPU
		{9155996C-9B27-40F1-9BB8-C3AD3B6E9D7A}.Release|Any CPU.Build.0 = Release|Any CPU
	EndGlobalSection
	GlobalSection(SolutionProperties) = preSolution
		HideSolutionNode = FALSE
	EndGlobalSection
	GlobalSection(ExtensibilityGlobals) = postSolution
		SolutionGuid = {274D4E1C-9993-4C0E-8035-C4B62CE1603C}
	EndGlobalSection
EndGlobal
